Microsoft Visual Studio Solution File, Format Version 11.00
# Visual Studio 2008

Project("{BC40D336-AE89-5C6D-CFA5-A46647E87B66}") = "ZombieDefence", "Assembly-CSharp.csproj", "{26519D71-28A0-005B-C6A3-3C713A8E5E48}"
EndProject
Global
	GlobalSection(SolutionConfigurationPlatforms) = preSolution
		Debug|Any CPU = Debug|Any CPU
		Release|Any CPU = Release|Any CPU
	EndGlobalSection
	GlobalSection(ProjectConfigurationPlatforms) = postSolution
		{26519D71-28A0-005B-C6A3-3C713A8E5E48}.Debug|Any CPU.ActiveCfg = Debug|Any CPU
		{26519D71-28A0-005B-C6A3-3C713A8E5E48}.Debug|Any CPU.Build.0 = Debug|Any CPU
		{26519D71-28A0-005B-C6A3-3C713A8E5E48}.Release|Any CPU.ActiveCfg = Release|Any CPU
		{26519D71-28A0-005B-C6A3-3C713A8E5E48}.Release|Any CPU.Build.0 = Release|Any CPU
	EndGlobalSection
	GlobalSection(SolutionProperties) = preSolution
		HideSolutionNode = FALSE
	EndGlobalSection
	GlobalSection(MonoDevelopProperties) = preSolution
		StartupItem = Assembly-CSharp.csproj
	EndGlobalSection
EndGlobal
