Microsoft Visual Studio Solution File, Format Version 11.00
# Visual Studio 2008

Project("{F1DED691-DF00-8A93-952D-6E4BCA7A223D}") = "Zombie Defence", "Assembly-CSharp.csproj", "{98112285-11E0-7F90-F639-CA04276143D0}"
EndProject
Global
	GlobalSection(SolutionConfigurationPlatforms) = preSolution
		Debug|Any CPU = Debug|Any CPU
		Release|Any CPU = Release|Any CPU
	EndGlobalSection
	GlobalSection(ProjectConfigurationPlatforms) = postSolution
		{98112285-11E0-7F90-F639-CA04276143D0}.Debug|Any CPU.ActiveCfg = Debug|Any CPU
		{98112285-11E0-7F90-F639-CA04276143D0}.Debug|Any CPU.Build.0 = Debug|Any CPU
		{98112285-11E0-7F90-F639-CA04276143D0}.Release|Any CPU.ActiveCfg = Release|Any CPU
		{98112285-11E0-7F90-F639-CA04276143D0}.Release|Any CPU.Build.0 = Release|Any CPU
	EndGlobalSection
	GlobalSection(SolutionProperties) = preSolution
		HideSolutionNode = FALSE
	EndGlobalSection
	GlobalSection(MonoDevelopProperties) = preSolution
		StartupItem = Assembly-CSharp.csproj
	EndGlobalSection
EndGlobal
